
Microsoft Visual Studio Solution File, Format Version 12.00
# Visual Studio Version 16
VisualStudioVersion = 16.0.30413.136
MinimumVisualStudioVersion = 10.0.40219.1
Project("{FAE04EC0-301F-11D3-BF4B-00C04F79EFBC}") = "ClubFromage", "ClubFromage\ClubFromage.csproj", "{679E7225-EC89-4A17-B0D9-36E777D03EF1}"
EndProject
Global
	GlobalSection(SolutionConfigurationPlatforms) = preSolution
		Debug|Any CPU = Debug|Any CPU
		Release|Any CPU = Release|Any CPU
	EndGlobalSection
	GlobalSection(ProjectConfigurationPlatforms) = postSolution
		{679E7225-EC89-4A17-B0D9-36E777D03EF1}.Debug|Any CPU.ActiveCfg = Debug|Any CPU
		{679E7225-EC89-4A17-B0D9-36E777D03EF1}.Debug|Any CPU.Build.0 = Debug|Any CPU
		{679E7225-EC89-4A17-B0D9-36E777D03EF1}.Release|Any CPU.ActiveCfg = Release|Any CPU
		{679E7225-EC89-4A17-B0D9-36E777D03EF1}.Release|Any CPU.Build.0 = Release|Any CPU
	EndGlobalSection
	GlobalSection(SolutionProperties) = preSolution
		HideSolutionNode = FALSE
	EndGlobalSection
	GlobalSection(ExtensibilityGlobals) = postSolution
		SolutionGuid = {4F4CC89F-7EAF-4ABD-9150-14176A7C5622}
	EndGlobalSection
EndGlobal
